
Microsoft Visual Studio Solution File, Format Version 12.00
# Visual Studio Version 16
VisualStudioVersion = 16.0.29424.173
MinimumVisualStudioVersion = 10.0.40219.1
Project("{FAE04EC0-301F-11D3-BF4B-00C04F79EFBC}") = "Minotaurus", "Minotaurus.csproj", "{EC909FF9-263D-410F-A648-7A31D2E23226}"
EndProject
Global
	GlobalSection(SolutionConfigurationPlatforms) = preSolution
		Debug|Any CPU = Debug|Any CPU
		Release|Any CPU = Release|Any CPU
	EndGlobalSection
	GlobalSection(ProjectConfigurationPlatforms) = postSolution
		{EC909FF9-263D-410F-A648-7A31D2E23226}.Debug|Any CPU.ActiveCfg = Debug|Any CPU
		{EC909FF9-263D-410F-A648-7A31D2E23226}.Debug|Any CPU.Build.0 = Debug|Any CPU
		{EC909FF9-263D-410F-A648-7A31D2E23226}.Release|Any CPU.ActiveCfg = Release|Any CPU
		{EC909FF9-263D-410F-A648-7A31D2E23226}.Release|Any CPU.Build.0 = Release|Any CPU
	EndGlobalSection
	GlobalSection(SolutionProperties) = preSolution
		HideSolutionNode = FALSE
	EndGlobalSection
	GlobalSection(ExtensibilityGlobals) = postSolution
		SolutionGuid = {3FC6D0CB-3B21-49E3-9CC6-66BBA23617FC}
	EndGlobalSection
EndGlobal
